
Microsoft Visual Studio Solution File, Format Version 12.00
# Visual Studio 15
Project("{FAE04EC0-301F-11D3-BF4B-00C04F79EFBC}") = "BenchmarkXamarin.Android", "BenchmarkXamarin.Android\BenchmarkXamarin.Android.csproj", "{BA9EC32C-0F67-4902-A524-0707928DFC8B}"
EndProject
Project("{FAE04EC0-301F-11D3-BF4B-00C04F79EFBC}") = "BenchmarkXamarin.iOS", "BenchmarkXamarin.iOS\BenchmarkXamarin.iOS.csproj", "{38A79CE4-D704-44D4-BB10-042B9AF20F2F}"
EndProject
Project("{FAE04EC0-301F-11D3-BF4B-00C04F79EFBC}") = "BenchmarkXamarin", "BenchmarkXamarin\BenchmarkXamarin.csproj", "{B1574D8A-8277-4413-AFBC-50940E6FCF25}"
EndProject
Global
	GlobalSection(SolutionConfigurationPlatforms) = preSolution
		Debug|Any CPU = Debug|Any CPU
		Release|Any CPU = Release|Any CPU
		Debug|iPhoneSimulator = Debug|iPhoneSimulator
		Release|iPhoneSimulator = Release|iPhoneSimulator
		Debug|iPhone = Debug|iPhone
		Release|iPhone = Release|iPhone
	EndGlobalSection
	GlobalSection(ProjectConfigurationPlatforms) = postSolution
		{BA9EC32C-0F67-4902-A524-0707928DFC8B}.Debug|Any CPU.ActiveCfg = Debug|Any CPU
		{BA9EC32C-0F67-4902-A524-0707928DFC8B}.Debug|Any CPU.Build.0 = Debug|Any CPU
		{BA9EC32C-0F67-4902-A524-0707928DFC8B}.Release|Any CPU.ActiveCfg = Release|Any CPU
		{BA9EC32C-0F67-4902-A524-0707928DFC8B}.Release|Any CPU.Build.0 = Release|Any CPU
		{BA9EC32C-0F67-4902-A524-0707928DFC8B}.Debug|iPhoneSimulator.ActiveCfg = Debug|Any CPU
		{BA9EC32C-0F67-4902-A524-0707928DFC8B}.Debug|iPhoneSimulator.Build.0 = Debug|Any CPU
		{BA9EC32C-0F67-4902-A524-0707928DFC8B}.Release|iPhoneSimulator.ActiveCfg = Release|Any CPU
		{BA9EC32C-0F67-4902-A524-0707928DFC8B}.Release|iPhoneSimulator.Build.0 = Release|Any CPU
		{BA9EC32C-0F67-4902-A524-0707928DFC8B}.Debug|iPhone.ActiveCfg = Debug|Any CPU
		{BA9EC32C-0F67-4902-A524-0707928DFC8B}.Debug|iPhone.Build.0 = Debug|Any CPU
		{BA9EC32C-0F67-4902-A524-0707928DFC8B}.Release|iPhone.ActiveCfg = Release|Any CPU
		{BA9EC32C-0F67-4902-A524-0707928DFC8B}.Release|iPhone.Build.0 = Release|Any CPU
		{38A79CE4-D704-44D4-BB10-042B9AF20F2F}.Debug|Any CPU.ActiveCfg = Debug|iPhoneSimulator
		{38A79CE4-D704-44D4-BB10-042B9AF20F2F}.Debug|Any CPU.Build.0 = Debug|iPhoneSimulator
		{38A79CE4-D704-44D4-BB10-042B9AF20F2F}.Release|Any CPU.ActiveCfg = Release|iPhoneSimulator
		{38A79CE4-D704-44D4-BB10-042B9AF20F2F}.Release|Any CPU.Build.0 = Release|iPhoneSimulator
		{38A79CE4-D704-44D4-BB10-042B9AF20F2F}.Debug|iPhoneSimulator.ActiveCfg = Debug|iPhoneSimulator
		{38A79CE4-D704-44D4-BB10-042B9AF20F2F}.Debug|iPhoneSimulator.Build.0 = Debug|iPhoneSimulator
		{38A79CE4-D704-44D4-BB10-042B9AF20F2F}.Release|iPhoneSimulator.ActiveCfg = Release|iPhoneSimulator
		{38A79CE4-D704-44D4-BB10-042B9AF20F2F}.Release|iPhoneSimulator.Build.0 = Release|iPhoneSimulator
		{38A79CE4-D704-44D4-BB10-042B9AF20F2F}.Debug|iPhone.ActiveCfg = Debug|iPhone
		{38A79CE4-D704-44D4-BB10-042B9AF20F2F}.Debug|iPhone.Build.0 = Debug|iPhone
		{38A79CE4-D704-44D4-BB10-042B9AF20F2F}.Release|iPhone.ActiveCfg = Release|iPhone
		{38A79CE4-D704-44D4-BB10-042B9AF20F2F}.Release|iPhone.Build.0 = Release|iPhone
		{B1574D8A-8277-4413-AFBC-50940E6FCF25}.Debug|Any CPU.ActiveCfg = Debug|Any CPU
		{B1574D8A-8277-4413-AFBC-50940E6FCF25}.Debug|Any CPU.Build.0 = Debug|Any CPU
		{B1574D8A-8277-4413-AFBC-50940E6FCF25}.Release|Any CPU.ActiveCfg = Release|Any CPU
		{B1574D8A-8277-4413-AFBC-50940E6FCF25}.Release|Any CPU.Build.0 = Release|Any CPU
		{B1574D8A-8277-4413-AFBC-50940E6FCF25}.Debug|iPhoneSimulator.ActiveCfg = Debug|Any CPU
		{B1574D8A-8277-4413-AFBC-50940E6FCF25}.Debug|iPhoneSimulator.Build.0 = Debug|Any CPU
		{B1574D8A-8277-4413-AFBC-50940E6FCF25}.Release|iPhoneSimulator.ActiveCfg = Release|Any CPU
		{B1574D8A-8277-4413-AFBC-50940E6FCF25}.Release|iPhoneSimulator.Build.0 = Release|Any CPU
		{B1574D8A-8277-4413-AFBC-50940E6FCF25}.Debug|iPhone.ActiveCfg = Debug|Any CPU
		{B1574D8A-8277-4413-AFBC-50940E6FCF25}.Debug|iPhone.Build.0 = Debug|Any CPU
		{B1574D8A-8277-4413-AFBC-50940E6FCF25}.Release|iPhone.ActiveCfg = Release|Any CPU
		{B1574D8A-8277-4413-AFBC-50940E6FCF25}.Release|iPhone.Build.0 = Release|Any CPU
	EndGlobalSection
EndGlobal
